
Microsoft Visual Studio Solution File, Format Version 12.00
# Visual Studio Version 17
VisualStudioVersion = 17.11.35327.3
MinimumVisualStudioVersion = 10.0.40219.1
Project("{9A19103F-16F7-4668-BE54-9A1E7A4F7556}") = "API", "API\API.csproj", "{C8431F45-5204-41E5-A5C2-7FF3B267A5E5}"
EndProject
Project("{2150E333-8FDC-42A3-9474-1A3956D46DE8}") = "src", "src", "{3AB4E567-9122-421E-85E1-F74B076D06D3}"
EndProject
Project("{9A19103F-16F7-4668-BE54-9A1E7A4F7556}") = "Infrastructure", "Infrastructure\Infrastructure.csproj", "{697EBD55-A014-4907-8467-509AB5643009}"
EndProject
Project("{9A19103F-16F7-4668-BE54-9A1E7A4F7556}") = "Application", "Application\Application.csproj", "{377AB898-F30B-4E1C-BF38-E694D8E472B2}"
EndProject
Project("{2150E333-8FDC-42A3-9474-1A3956D46DE8}") = "tests", "tests", "{7FD64CA3-1695-473C-A9DA-140A99553E39}"
EndProject
Project("{FAE04EC0-301F-11D3-BF4B-00C04F79EFBC}") = "Domain", "Domain\Domain.csproj", "{C4535ABE-469D-436F-922D-B0B3B9E03BF7}"
EndProject
Project("{9A19103F-16F7-4668-BE54-9A1E7A4F7556}") = "FunctionalTests", "Tests\FunctionalTests\FunctionalTests.csproj", "{6762BB0D-28E9-4358-8504-666F427D4B27}"
EndProject
Project("{9A19103F-16F7-4668-BE54-9A1E7A4F7556}") = "IntegrationTests", "Tests\IntegrationTests\IntegrationTests.csproj", "{871EE5A5-F336-401F-8099-E7A98B7B52CA}"
EndProject
Project("{9A19103F-16F7-4668-BE54-9A1E7A4F7556}") = "UnitTests", "Tests\UnitTests\UnitTests.csproj", "{4B1F7A51-2478-4899-949D-852678B86912}"
EndProject
Global
	GlobalSection(SolutionConfigurationPlatforms) = preSolution
		Debug|Any CPU = Debug|Any CPU
		Release|Any CPU = Release|Any CPU
	EndGlobalSection
	GlobalSection(ProjectConfigurationPlatforms) = postSolution
		{C8431F45-5204-41E5-A5C2-7FF3B267A5E5}.Debug|Any CPU.ActiveCfg = Debug|Any CPU
		{C8431F45-5204-41E5-A5C2-7FF3B267A5E5}.Debug|Any CPU.Build.0 = Debug|Any CPU
		{C8431F45-5204-41E5-A5C2-7FF3B267A5E5}.Release|Any CPU.ActiveCfg = Release|Any CPU
		{C8431F45-5204-41E5-A5C2-7FF3B267A5E5}.Release|Any CPU.Build.0 = Release|Any CPU
		{697EBD55-A014-4907-8467-509AB5643009}.Debug|Any CPU.ActiveCfg = Debug|Any CPU
		{697EBD55-A014-4907-8467-509AB5643009}.Debug|Any CPU.Build.0 = Debug|Any CPU
		{697EBD55-A014-4907-8467-509AB5643009}.Release|Any CPU.ActiveCfg = Release|Any CPU
		{697EBD55-A014-4907-8467-509AB5643009}.Release|Any CPU.Build.0 = Release|Any CPU
		{377AB898-F30B-4E1C-BF38-E694D8E472B2}.Debug|Any CPU.ActiveCfg = Debug|Any CPU
		{377AB898-F30B-4E1C-BF38-E694D8E472B2}.Debug|Any CPU.Build.0 = Debug|Any CPU
		{377AB898-F30B-4E1C-BF38-E694D8E472B2}.Release|Any CPU.ActiveCfg = Release|Any CPU
		{377AB898-F30B-4E1C-BF38-E694D8E472B2}.Release|Any CPU.Build.0 = Release|Any CPU
		{C4535ABE-469D-436F-922D-B0B3B9E03BF7}.Debug|Any CPU.ActiveCfg = Debug|Any CPU
		{C4535ABE-469D-436F-922D-B0B3B9E03BF7}.Debug|Any CPU.Build.0 = Debug|Any CPU
		{C4535ABE-469D-436F-922D-B0B3B9E03BF7}.Release|Any CPU.ActiveCfg = Release|Any CPU
		{C4535ABE-469D-436F-922D-B0B3B9E03BF7}.Release|Any CPU.Build.0 = Release|Any CPU
		{6762BB0D-28E9-4358-8504-666F427D4B27}.Debug|Any CPU.ActiveCfg = Debug|Any CPU
		{6762BB0D-28E9-4358-8504-666F427D4B27}.Debug|Any CPU.Build.0 = Debug|Any CPU
		{6762BB0D-28E9-4358-8504-666F427D4B27}.Release|Any CPU.ActiveCfg = Release|Any CPU
		{6762BB0D-28E9-4358-8504-666F427D4B27}.Release|Any CPU.Build.0 = Release|Any CPU
		{871EE5A5-F336-401F-8099-E7A98B7B52CA}.Debug|Any CPU.ActiveCfg = Debug|Any CPU
		{871EE5A5-F336-401F-8099-E7A98B7B52CA}.Debug|Any CPU.Build.0 = Debug|Any CPU
		{871EE5A5-F336-401F-8099-E7A98B7B52CA}.Release|Any CPU.ActiveCfg = Release|Any CPU
		{871EE5A5-F336-401F-8099-E7A98B7B52CA}.Release|Any CPU.Build.0 = Release|Any CPU
		{4B1F7A51-2478-4899-949D-852678B86912}.Debug|Any CPU.ActiveCfg = Debug|Any CPU
		{4B1F7A51-2478-4899-949D-852678B86912}.Debug|Any CPU.Build.0 = Debug|Any CPU
		{4B1F7A51-2478-4899-949D-852678B86912}.Release|Any CPU.ActiveCfg = Release|Any CPU
		{4B1F7A51-2478-4899-949D-852678B86912}.Release|Any CPU.Build.0 = Release|Any CPU
	EndGlobalSection
	GlobalSection(SolutionProperties) = preSolution
		HideSolutionNode = FALSE
	EndGlobalSection
	GlobalSection(NestedProjects) = preSolution
		{C8431F45-5204-41E5-A5C2-7FF3B267A5E5} = {3AB4E567-9122-421E-85E1-F74B076D06D3}
		{697EBD55-A014-4907-8467-509AB5643009} = {3AB4E567-9122-421E-85E1-F74B076D06D3}
		{377AB898-F30B-4E1C-BF38-E694D8E472B2} = {3AB4E567-9122-421E-85E1-F74B076D06D3}
		{C4535ABE-469D-436F-922D-B0B3B9E03BF7} = {3AB4E567-9122-421E-85E1-F74B076D06D3}
		{6762BB0D-28E9-4358-8504-666F427D4B27} = {7FD64CA3-1695-473C-A9DA-140A99553E39}
		{871EE5A5-F336-401F-8099-E7A98B7B52CA} = {7FD64CA3-1695-473C-A9DA-140A99553E39}
		{4B1F7A51-2478-4899-949D-852678B86912} = {7FD64CA3-1695-473C-A9DA-140A99553E39}
	EndGlobalSection
	GlobalSection(ExtensibilityGlobals) = postSolution
		SolutionGuid = {E53FDDA3-D4B6-468C-B0E7-F98947304280}
	EndGlobalSection
EndGlobal
