
Microsoft Visual Studio Solution File, Format Version 12.00
# Visual Studio Version 17
VisualStudioVersion = 17.11.35327.3
MinimumVisualStudioVersion = 10.0.40219.1
Project("{FAE04EC0-301F-11D3-BF4B-00C04F79EFBC}") = "API", "API\API.csproj", "{C8431F45-5204-41E5-A5C2-7FF3B267A5E5}"
EndProject
Project("{2150E333-8FDC-42A3-9474-1A3956D46DE8}") = "src", "src", "{3AB4E567-9122-421E-85E1-F74B076D06D3}"
EndProject
Project("{FAE04EC0-301F-11D3-BF4B-00C04F79EFBC}") = "Infrastructure", "Infrastructure\Infrastructure.csproj", "{697EBD55-A014-4907-8467-509AB5643009}"
EndProject
Project("{FAE04EC0-301F-11D3-BF4B-00C04F79EFBC}") = "Application", "Application\Application.csproj", "{377AB898-F30B-4E1C-BF38-E694D8E472B2}"
EndProject
Project("{FAE04EC0-301F-11D3-BF4B-00C04F79EFBC}") = "Core", "Core\Core.csproj", "{92E13664-E3F1-43EF-B1FA-B53B41109E88}"
EndProject
Project("{2150E333-8FDC-42A3-9474-1A3956D46DE8}") = "tests", "tests", "{7FD64CA3-1695-473C-A9DA-140A99553E39}"
EndProject
Project("{FAE04EC0-301F-11D3-BF4B-00C04F79EFBC}") = "UnitTests", "UnitTests\UnitTests.csproj", "{B53B0A4F-70F7-41A3-9E64-B79BD037FA6D}"
EndProject
Project("{FAE04EC0-301F-11D3-BF4B-00C04F79EFBC}") = "IntegrationTests", "IntegrationTests\IntegrationTests.csproj", "{5FDBBC2A-F2D2-469A-9080-3C6867B8F280}"
EndProject
Project("{FAE04EC0-301F-11D3-BF4B-00C04F79EFBC}") = "FunctionalTests", "FunctionalTests\FunctionalTests.csproj", "{5EE280CC-3BB5-40C2-BD9F-511AD05BF804}"
EndProject
Global
	GlobalSection(SolutionConfigurationPlatforms) = preSolution
		Debug|Any CPU = Debug|Any CPU
		Release|Any CPU = Release|Any CPU
	EndGlobalSection
	GlobalSection(ProjectConfigurationPlatforms) = postSolution
		{C8431F45-5204-41E5-A5C2-7FF3B267A5E5}.Debug|Any CPU.ActiveCfg = Debug|Any CPU
		{C8431F45-5204-41E5-A5C2-7FF3B267A5E5}.Debug|Any CPU.Build.0 = Debug|Any CPU
		{C8431F45-5204-41E5-A5C2-7FF3B267A5E5}.Release|Any CPU.ActiveCfg = Release|Any CPU
		{C8431F45-5204-41E5-A5C2-7FF3B267A5E5}.Release|Any CPU.Build.0 = Release|Any CPU
		{697EBD55-A014-4907-8467-509AB5643009}.Debug|Any CPU.ActiveCfg = Debug|Any CPU
		{697EBD55-A014-4907-8467-509AB5643009}.Debug|Any CPU.Build.0 = Debug|Any CPU
		{697EBD55-A014-4907-8467-509AB5643009}.Release|Any CPU.ActiveCfg = Release|Any CPU
		{697EBD55-A014-4907-8467-509AB5643009}.Release|Any CPU.Build.0 = Release|Any CPU
		{377AB898-F30B-4E1C-BF38-E694D8E472B2}.Debug|Any CPU.ActiveCfg = Debug|Any CPU
		{377AB898-F30B-4E1C-BF38-E694D8E472B2}.Debug|Any CPU.Build.0 = Debug|Any CPU
		{377AB898-F30B-4E1C-BF38-E694D8E472B2}.Release|Any CPU.ActiveCfg = Release|Any CPU
		{377AB898-F30B-4E1C-BF38-E694D8E472B2}.Release|Any CPU.Build.0 = Release|Any CPU
		{92E13664-E3F1-43EF-B1FA-B53B41109E88}.Debug|Any CPU.ActiveCfg = Debug|Any CPU
		{92E13664-E3F1-43EF-B1FA-B53B41109E88}.Debug|Any CPU.Build.0 = Debug|Any CPU
		{92E13664-E3F1-43EF-B1FA-B53B41109E88}.Release|Any CPU.ActiveCfg = Release|Any CPU
		{92E13664-E3F1-43EF-B1FA-B53B41109E88}.Release|Any CPU.Build.0 = Release|Any CPU
		{B53B0A4F-70F7-41A3-9E64-B79BD037FA6D}.Debug|Any CPU.ActiveCfg = Debug|Any CPU
		{B53B0A4F-70F7-41A3-9E64-B79BD037FA6D}.Debug|Any CPU.Build.0 = Debug|Any CPU
		{B53B0A4F-70F7-41A3-9E64-B79BD037FA6D}.Release|Any CPU.ActiveCfg = Release|Any CPU
		{B53B0A4F-70F7-41A3-9E64-B79BD037FA6D}.Release|Any CPU.Build.0 = Release|Any CPU
		{5FDBBC2A-F2D2-469A-9080-3C6867B8F280}.Debug|Any CPU.ActiveCfg = Debug|Any CPU
		{5FDBBC2A-F2D2-469A-9080-3C6867B8F280}.Debug|Any CPU.Build.0 = Debug|Any CPU
		{5FDBBC2A-F2D2-469A-9080-3C6867B8F280}.Release|Any CPU.ActiveCfg = Release|Any CPU
		{5FDBBC2A-F2D2-469A-9080-3C6867B8F280}.Release|Any CPU.Build.0 = Release|Any CPU
		{5EE280CC-3BB5-40C2-BD9F-511AD05BF804}.Debug|Any CPU.ActiveCfg = Debug|Any CPU
		{5EE280CC-3BB5-40C2-BD9F-511AD05BF804}.Debug|Any CPU.Build.0 = Debug|Any CPU
		{5EE280CC-3BB5-40C2-BD9F-511AD05BF804}.Release|Any CPU.ActiveCfg = Release|Any CPU
		{5EE280CC-3BB5-40C2-BD9F-511AD05BF804}.Release|Any CPU.Build.0 = Release|Any CPU
	EndGlobalSection
	GlobalSection(SolutionProperties) = preSolution
		HideSolutionNode = FALSE
	EndGlobalSection
	GlobalSection(NestedProjects) = preSolution
		{C8431F45-5204-41E5-A5C2-7FF3B267A5E5} = {3AB4E567-9122-421E-85E1-F74B076D06D3}
		{697EBD55-A014-4907-8467-509AB5643009} = {3AB4E567-9122-421E-85E1-F74B076D06D3}
		{377AB898-F30B-4E1C-BF38-E694D8E472B2} = {3AB4E567-9122-421E-85E1-F74B076D06D3}
		{92E13664-E3F1-43EF-B1FA-B53B41109E88} = {3AB4E567-9122-421E-85E1-F74B076D06D3}
		{B53B0A4F-70F7-41A3-9E64-B79BD037FA6D} = {7FD64CA3-1695-473C-A9DA-140A99553E39}
		{5FDBBC2A-F2D2-469A-9080-3C6867B8F280} = {7FD64CA3-1695-473C-A9DA-140A99553E39}
		{5EE280CC-3BB5-40C2-BD9F-511AD05BF804} = {7FD64CA3-1695-473C-A9DA-140A99553E39}
	EndGlobalSection
	GlobalSection(ExtensibilityGlobals) = postSolution
		SolutionGuid = {E53FDDA3-D4B6-468C-B0E7-F98947304280}
	EndGlobalSection
EndGlobal
